PODS:
  - Flutter (1.0.0)
  - flutter_kakao_login (0.0.8):
    - Flutter
    - KakaoOpenSDK (~> 1.17.2)
  - KakaoOpenSDK (1.17.2):
    - KakaoOpenSDK/KakaoCommon (= 1.17.2)
    - KakaoOpenSDK/KakaoLink (= 1.17.2)
    - KakaoOpenSDK/KakaoMessageTemplate (= 1.17.2)
    - KakaoOpenSDK/KakaoNavi (= 1.17.2)
    - KakaoOpenSDK/KakaoOpenSDK (= 1.17.2)
  - KakaoOpenSDK/KakaoCommon (1.17.2)
  - KakaoOpenSDK/KakaoLink (1.17.2):
    - KakaoOpenSDK/KakaoCommon
  - KakaoOpenSDK/KakaoMessageTemplate (1.17.2)
  - KakaoOpenSDK/KakaoNavi (1.17.2):
    - KakaoOpenSDK/KakaoCommon
  - KakaoOpenSDK/KakaoOpenSDK (1.17.2)

DEPENDENCIES:
  - Flutter (from `Pods/.symlinks/flutter/ios`)
  - flutter_kakao_login (from `Pods/.symlinks/plugins/flutter_kakao_login/ios`)

SPEC REPOS:
  https://github.com/cocoapods/specs.git:
    - KakaoOpenSDK

EXTERNAL SOURCES:
  Flutter:
    :path: Pods/.symlinks/flutter/ios
  flutter_kakao_login:
    :path: Pods/.symlinks/plugins/flutter_kakao_login/ios

SPEC CHECKSUMS:
  Flutter: 0e3d915762c693b495b44d77113d4970485de6ec
  flutter_kakao_login: 792d15a6f07557cb703f759ffa85ce0206b1fe84
  KakaoOpenSDK: 1fc43f9025e30a7c1f7c5342bf51744c6c93a500

PODFILE CHECKSUM: 13dcf421f4da2e937a57e8ba760ed880beae536f

COCOAPODS: 1.7.5
